
Microsoft Visual Studio Solution File, Format Version 12.00
# Visual Studio 15
VisualStudioVersion = 15.0.27703.2035
MinimumVisualStudioVersion = 10.0.40219.1
Project("{FAE04EC0-301F-11D3-BF4B-00C04F79EFBC}") = "Lab1", "Lab1.Step\Lab1.csproj", "{BA868000-B2FA-417C-92CB-B7B1704AC561}"
EndProject
Global
	GlobalSection(SolutionConfigurationPlatforms) = preSolution
		Debug|Any CPU = Debug|Any CPU
		Release|Any CPU = Release|Any CPU
	EndGlobalSection
	GlobalSection(ProjectConfigurationPlatforms) = postSolution
		{BA868000-B2FA-417C-92CB-B7B1704AC561}.Debug|Any CPU.ActiveCfg = Debug|Any CPU
		{BA868000-B2FA-417C-92CB-B7B1704AC561}.Debug|Any CPU.Build.0 = Debug|Any CPU
		{BA868000-B2FA-417C-92CB-B7B1704AC561}.Release|Any CPU.ActiveCfg = Release|Any CPU
		{BA868000-B2FA-417C-92CB-B7B1704AC561}.Release|Any CPU.Build.0 = Release|Any CPU
	EndGlobalSection
	GlobalSection(SolutionProperties) = preSolution
		HideSolutionNode = FALSE
	EndGlobalSection
	GlobalSection(ExtensibilityGlobals) = postSolution
		SolutionGuid = {A4B2B52D-906A-44FE-B760-3B0151922950}
	EndGlobalSection
EndGlobal
